
Microsoft Visual Studio Solution File, Format Version 12.00
# Visual Studio Version 17
VisualStudioVersion = 17.5.002.0
MinimumVisualStudioVersion = 10.0.40219.1
Project("{9A19103F-16F7-4668-BE54-9A1E7A4F7556}") = "resilence-demo-net8", "resilence-demo-net8.csproj", "{579CB6F6-E21B-4714-BCA7-3CF3B775932D}"
EndProject
Global
	GlobalSection(SolutionConfigurationPlatforms) = preSolution
		Debug|Any CPU = Debug|Any CPU
		Release|Any CPU = Release|Any CPU
	EndGlobalSection
	GlobalSection(ProjectConfigurationPlatforms) = postSolution
		{579CB6F6-E21B-4714-BCA7-3CF3B775932D}.Debug|Any CPU.ActiveCfg = Debug|Any CPU
		{579CB6F6-E21B-4714-BCA7-3CF3B775932D}.Debug|Any CPU.Build.0 = Debug|Any CPU
		{579CB6F6-E21B-4714-BCA7-3CF3B775932D}.Release|Any CPU.ActiveCfg = Release|Any CPU
		{579CB6F6-E21B-4714-BCA7-3CF3B775932D}.Release|Any CPU.Build.0 = Release|Any CPU
	EndGlobalSection
	GlobalSection(SolutionProperties) = preSolution
		HideSolutionNode = FALSE
	EndGlobalSection
	GlobalSection(ExtensibilityGlobals) = postSolution
		SolutionGuid = {0867FF25-1237-4210-BB6C-1E2089D27845}
	EndGlobalSection
EndGlobal
